// !$*UTF8*$!
{
	archiveVersion = 1;
	classes = {
	};
	objectVersion = 50;
	objects = {

/* Begin PBXBuildFile section */
		571F8E2126879D22001D76F8 /* AppDelegate.swift in Sources */ = {isa = PBXBuildFile; fileRef = 571F8E2026879D22001D76F8 /* AppDelegate.swift */; };
		571F8E2A26879D23001D76F8 /* Assets.xcassets in Resources */ = {isa = PBXBuildFile; fileRef = 571F8E2926879D23001D76F8 /* Assets.xcassets */; };
		571F8E2D26879D23001D76F8 /* LaunchScreen.storyboard in Resources */ = {isa = PBXBuildFile; fileRef = 571F8E2B26879D23001D76F8 /* LaunchScreen.storyboard */; };
		571F8E352687B868001D76F8 /* NewsAPI.swift in Sources */ = {isa = PBXBuildFile; fileRef = 571F8E342687B868001D76F8 /* NewsAPI.swift */; };
		571F8E372687B95D001D76F8 /* Article.swift in Sources */ = {isa = PBXBuildFile; fileRef = 571F8E362687B95D001D76F8 /* Article.swift */; };
		571F8E392687B98C001D76F8 /* Debouncer.swift in Sources */ = {isa = PBXBuildFile; fileRef = 571F8E382687B98C001D76F8 /* Debouncer.swift */; };
		571F8E3D2687C1F8001D76F8 /* HomeViewController.swift in Sources */ = {isa = PBXBuildFile; fileRef = 571F8E3C2687C1F8001D76F8 /* HomeViewController.swift */; };
		571F8E3F2687C4F7001D76F8 /* Main.storyboard in Resources */ = {isa = PBXBuildFile; fileRef = 571F8E3E2687C4F7001D76F8 /* Main.storyboard */; };
		571F8E422687CB9F001D76F8 /* HomePresenter.swift in Sources */ = {isa = PBXBuildFile; fileRef = 571F8E412687CB9F001D76F8 /* HomePresenter.swift */; };
		571F8E452687CBBF001D76F8 /* NewsHeadlineTableViewCell.swift in Sources */ = {isa = PBXBuildFile; fileRef = 571F8E432687CBBF001D76F8 /* NewsHeadlineTableViewCell.swift */; };
		571F8E462687CBBF001D76F8 /* NewsHeadlineTableViewCell.xib in Resources */ = {isa = PBXBuildFile; fileRef = 571F8E442687CBBF001D76F8 /* NewsHeadlineTableViewCell.xib */; };
		571F8E4D2687F246001D76F8 /* NewsDetailsViewController.swift in Sources */ = {isa = PBXBuildFile; fileRef = 571F8E4B2687F246001D76F8 /* NewsDetailsViewController.swift */; };
		571F8E4E2687F246001D76F8 /* NewsDetailsViewController.xib in Resources */ = {isa = PBXBuildFile; fileRef = 571F8E4C2687F246001D76F8 /* NewsDetailsViewController.xib */; };
		571F8E502687F257001D76F8 /* NewsDetailsPresenter.swift in Sources */ = {isa = PBXBuildFile; fileRef = 571F8E4F2687F257001D76F8 /* NewsDetailsPresenter.swift */; };
/* End PBXBuildFile section */

/* Begin PBXFileReference section */
		571F8E1D26879D22001D76F8 /* NewsApp.app */ = {isa = PBXFileReference; explicitFileType = wrapper.application; includeInIndex = 0; path = NewsApp.app; sourceTree = BUILT_PRODUCTS_DIR; };
		571F8E2026879D22001D76F8 /* AppDelegate.swift */ = {isa = PBXFileReference; lastKnownFileType = sourcecode.swift; path = AppDelegate.swift; sourceTree = "<group>"; };
		571F8E2926879D23001D76F8 /* Assets.xcassets */ = {isa = PBXFileReference; lastKnownFileType = folder.assetcatalog; path = Assets.xcassets; sourceTree = "<group>"; };
		571F8E2C26879D23001D76F8 /* Base */ = {isa = PBXFileReference; lastKnownFileType = file.storyboard; name = Base; path = Base.lproj/LaunchScreen.storyboard; sourceTree = "<group>"; };
		571F8E2E26879D23001D76F8 /* Info.plist */ = {isa = PBXFileReference; lastKnownFileType = text.plist.xml; path = Info.plist; sourceTree = "<group>"; };
		571F8E342687B868001D76F8 /* NewsAPI.swift */ = {isa = PBXFileReference; lastKnownFileType = sourcecode.swift; path = NewsAPI.swift; sourceTree = "<group>"; };
		571F8E362687B95D001D76F8 /* Article.swift */ = {isa = PBXFileReference; lastKnownFileType = sourcecode.swift; path = Article.swift; sourceTree = "<group>"; };
		571F8E382687B98C001D76F8 /* Debouncer.swift */ = {isa = PBXFileReference; lastKnownFileType = sourcecode.swift; path = Debouncer.swift; sourceTree = "<group>"; };
		571F8E3C2687C1F8001D76F8 /* HomeViewController.swift */ = {isa = PBXFileReference; lastKnownFileType = sourcecode.swift; path = HomeViewController.swift; sourceTree = "<group>"; };
		571F8E3E2687C4F7001D76F8 /* Main.storyboard */ = {isa = PBXFileReference; fileEncoding = 4; lastKnownFileType = file.storyboard; path = Main.storyboard; sourceTree = "<group>"; };
		571F8E412687CB9F001D76F8 /* HomePresenter.swift */ = {isa = PBXFileReference; lastKnownFileType = sourcecode.swift; path = HomePresenter.swift; sourceTree = "<group>"; };
		571F8E432687CBBF001D76F8 /* NewsHeadlineTableViewCell.swift */ = {isa = PBXFileReference; lastKnownFileType = sourcecode.swift; path = NewsHeadlineTableViewCell.swift; sourceTree = "<group>"; };
		571F8E442687CBBF001D76F8 /* NewsHeadlineTableViewCell.xib */ = {isa = PBXFileReference; lastKnownFileType = file.xib; path = NewsHeadlineTableViewCell.xib; sourceTree = "<group>"; };
		571F8E4B2687F246001D76F8 /* NewsDetailsViewController.swift */ = {isa = PBXFileReference; lastKnownFileType = sourcecode.swift; path = NewsDetailsViewController.swift; sourceTree = "<group>"; };
		571F8E4C2687F246001D76F8 /* NewsDetailsViewController.xib */ = {isa = PBXFileReference; lastKnownFileType = file.xib; path = NewsDetailsViewController.xib; sourceTree = "<group>"; };
		571F8E4F2687F257001D76F8 /* NewsDetailsPresenter.swift */ = {isa = PBXFileReference; lastKnownFileType = sourcecode.swift; path = NewsDetailsPresenter.swift; sourceTree = "<group>"; };
/* End PBXFileReference section */

/* Begin PBXFrameworksBuildPhase section */
		571F8E1A26879D22001D76F8 /* Frameworks */ = {
			isa = PBXFrameworksBuildPhase;
			buildActionMask = 2147483647;
			files = (
			);
			runOnlyForDeploymentPostprocessing = 0;
		};
/* End PBXFrameworksBuildPhase section */

/* Begin PBXGroup section */
		571F8E1426879D22001D76F8 = {
			isa = PBXGroup;
			children = (
				571F8E1F26879D22001D76F8 /* NewsApp */,
				571F8E1E26879D22001D76F8 /* Products */,
			);
			sourceTree = "<group>";
		};
		571F8E1E26879D22001D76F8 /* Products */ = {
			isa = PBXGroup;
			children = (
				571F8E1D26879D22001D76F8 /* NewsApp.app */,
			);
			name = Products;
			sourceTree = "<group>";
		};
		571F8E1F26879D22001D76F8 /* NewsApp */ = {
			isa = PBXGroup;
			children = (
				571F8E4A2687F1F1001D76F8 /* Details */,
				571F8E402687CB8F001D76F8 /* Home */,
				571F8E472687CBFD001D76F8 /* API */,
				571F8E3E2687C4F7001D76F8 /* Main.storyboard */,
				571F8E2026879D22001D76F8 /* AppDelegate.swift */,
				571F8E2926879D23001D76F8 /* Assets.xcassets */,
				571F8E2B26879D23001D76F8 /* LaunchScreen.storyboard */,
				571F8E2E26879D23001D76F8 /* Info.plist */,
			);
			path = NewsApp;
			sourceTree = "<group>";
		};
		571F8E402687CB8F001D76F8 /* Home */ = {
			isa = PBXGroup;
			children = (
				571F8E3C2687C1F8001D76F8 /* HomeViewController.swift */,
				571F8E412687CB9F001D76F8 /* HomePresenter.swift */,
				571F8E432687CBBF001D76F8 /* NewsHeadlineTableViewCell.swift */,
				571F8E442687CBBF001D76F8 /* NewsHeadlineTableViewCell.xib */,
			);
			path = Home;
			sourceTree = "<group>";
		};
		571F8E472687CBFD001D76F8 /* API */ = {
			isa = PBXGroup;
			children = (
				571F8E382687B98C001D76F8 /* Debouncer.swift */,
				571F8E362687B95D001D76F8 /* Article.swift */,
				571F8E342687B868001D76F8 /* NewsAPI.swift */,
			);
			path = API;
			sourceTree = "<group>";
		};
		571F8E4A2687F1F1001D76F8 /* Details */ = {
			isa = PBXGroup;
			children = (
				571F8E4B2687F246001D76F8 /* NewsDetailsViewController.swift */,
				571F8E4C2687F246001D76F8 /* NewsDetailsViewController.xib */,
				571F8E4F2687F257001D76F8 /* NewsDetailsPresenter.swift */,
			);
			path = Details;
			sourceTree = "<group>";
		};
/* End PBXGroup section */

/* Begin PBXNativeTarget section */
		571F8E1C26879D22001D76F8 /* NewsApp */ = {
			isa = PBXNativeTarget;
			buildConfigurationList = 571F8E3126879D23001D76F8 /* Build configuration list for PBXNativeTarget "NewsApp" */;
			buildPhases = (
				571F8E1926879D22001D76F8 /* Sources */,
				571F8E1A26879D22001D76F8 /* Frameworks */,
				571F8E1B26879D22001D76F8 /* Resources */,
			);
			buildRules = (
			);
			dependencies = (
			);
			name = NewsApp;
			productName = NewsApp;
			productReference = 571F8E1D26879D22001D76F8 /* NewsApp.app */;
			productType = "com.apple.product-type.application";
		};
/* End PBXNativeTarget section */

/* Begin PBXProject section */
		571F8E1526879D22001D76F8 /* Project object */ = {
			isa = PBXProject;
			attributes = {
				LastSwiftUpdateCheck = 1250;
				LastUpgradeCheck = 1250;
				TargetAttributes = {
					571F8E1C26879D22001D76F8 = {
						CreatedOnToolsVersion = 12.5.1;
					};
				};
			};
			buildConfigurationList = 571F8E1826879D22001D76F8 /* Build configuration list for PBXProject "NewsApp" */;
			compatibilityVersion = "Xcode 9.3";
			developmentRegion = en;
			hasScannedForEncodings = 0;
			knownRegions = (
				en,
				Base,
			);
			mainGroup = 571F8E1426879D22001D76F8;
			productRefGroup = 571F8E1E26879D22001D76F8 /* Products */;
			projectDirPath = "";
			projectRoot = "";
			targets = (
				571F8E1C26879D22001D76F8 /* NewsApp */,
			);
		};
/* End PBXProject section */

/* Begin PBXResourcesBuildPhase section */
		571F8E1B26879D22001D76F8 /* Resources */ = {
			isa = PBXResourcesBuildPhase;
			buildActionMask = 2147483647;
			files = (
				571F8E462687CBBF001D76F8 /* NewsHeadlineTableViewCell.xib in Resources */,
				571F8E2D26879D23001D76F8 /* LaunchScreen.storyboard in Resources */,
				571F8E2A26879D23001D76F8 /* Assets.xcassets in Resources */,
				571F8E4E2687F246001D76F8 /* NewsDetailsViewController.xib in Resources */,
				571F8E3F2687C4F7001D76F8 /* Main.storyboard in Resources */,
			);
			runOnlyForDeploymentPostprocessing = 0;
		};
/* End PBXResourcesBuildPhase section */

/* Begin PBXSourcesBuildPhase section */
		571F8E1926879D22001D76F8 /* Sources */ = {
			isa = PBXSourcesBuildPhase;
			buildActionMask = 2147483647;
			files = (
				571F8E372687B95D001D76F8 /* Article.swift in Sources */,
				571F8E2126879D22001D76F8 /* AppDelegate.swift in Sources */,
				571F8E452687CBBF001D76F8 /* NewsHeadlineTableViewCell.swift in Sources */,
				571F8E392687B98C001D76F8 /* Debouncer.swift in Sources */,
				571F8E4D2687F246001D76F8 /* NewsDetailsViewController.swift in Sources */,
				571F8E422687CB9F001D76F8 /* HomePresenter.swift in Sources */,
				571F8E352687B868001D76F8 /* NewsAPI.swift in Sources */,
				571F8E502687F257001D76F8 /* NewsDetailsPresenter.swift in Sources */,
				571F8E3D2687C1F8001D76F8 /* HomeViewController.swift in Sources */,
			);
			runOnlyForDeploymentPostprocessing = 0;
		};
/* End PBXSourcesBuildPhase section */

/* Begin PBXVariantGroup section */
		571F8E2B26879D23001D76F8 /* LaunchScreen.storyboard */ = {
			isa = PBXVariantGroup;
			children = (
				571F8E2C26879D23001D76F8 /* Base */,
			);
			name = LaunchScreen.storyboard;
			sourceTree = "<group>";
		};
/* End PBXVariantGroup section */

/* Begin XCBuildConfiguration section */
		571F8E2F26879D23001D76F8 /* Debug */ = {
			isa = XCBuildConfiguration;
			buildSettings = {
				ALWAYS_SEARCH_USER_PATHS = NO;
				CLANG_ANALYZER_NONNULL = YES;
				CLANG_ANALYZER_NUMBER_OBJECT_CONVERSION = YES_AGGRESSIVE;
				CLANG_CXX_LANGUAGE_STANDARD = "gnu++14";
				CLANG_CXX_LIBRARY = "libc++";
				CLANG_ENABLE_MODULES = YES;
				CLANG_ENABLE_OBJC_ARC = YES;
				CLANG_ENABLE_OBJC_WEAK = YES;
				CLANG_WARN_BLOCK_CAPTURE_AUTORELEASING = YES;
				CLANG_WARN_BOOL_CONVERSION = YES;
				CLANG_WARN_COMMA = YES;
				CLANG_WARN_CONSTANT_CONVERSION = YES;
				CLANG_WARN_DEPRECATED_OBJC_IMPLEMENTATIONS = YES;
				CLANG_WARN_DIRECT_OBJC_ISA_USAGE = YES_ERROR;
				CLANG_WARN_DOCUMENTATION_COMMENTS = YES;
				CLANG_WARN_EMPTY_BODY = YES;
				CLANG_WARN_ENUM_CONVERSION = YES;
				CLANG_WARN_INFINITE_RECURSION = YES;
				CLANG_WARN_INT_CONVERSION = YES;
				CLANG_WARN_NON_LITERAL_NULL_CONVERSION = YES;
				CLANG_WARN_OBJC_IMPLICIT_RETAIN_SELF = YES;
				CLANG_WARN_OBJC_LITERAL_CONVERSION = YES;
				CLANG_WARN_OBJC_ROOT_CLASS = YES_ERROR;
				CLANG_WARN_QUOTED_INCLUDE_IN_FRAMEWORK_HEADER = YES;
				CLANG_WARN_RANGE_LOOP_ANALYSIS = YES;
				CLANG_WARN_STRICT_PROTOTYPES = YES;
				CLANG_WARN_SUSPICIOUS_MOVE = YES;
				CLANG_WARN_UNGUARDED_AVAILABILITY = YES_AGGRESSIVE;
				CLANG_WARN_UNREACHABLE_CODE = YES;
				CLANG_WARN__DUPLICATE_METHOD_MATCH = YES;
				COPY_PHASE_STRIP = NO;
				DEBUG_INFORMATION_FORMAT = dwarf;
				ENABLE_STRICT_OBJC_MSGSEND = YES;
				ENABLE_TESTABILITY = YES;
				GCC_C_LANGUAGE_STANDARD = gnu11;
				GCC_DYNAMIC_NO_PIC = NO;
				GCC_NO_COMMON_BLOCKS = YES;
				GCC_OPTIMIZATION_LEVEL = 0;
				GCC_PREPROCESSOR_DEFINITIONS = (
					"DEBUG=1",
					"$(inherited)",
				);
				GCC_WARN_64_TO_32_BIT_CONVERSION = YES;
				GCC_WARN_ABOUT_RETURN_TYPE = YES_ERROR;
				GCC_WARN_UNDECLARED_SELECTOR = YES;
				GCC_WARN_UNINITIALIZED_AUTOS = YES_AGGRESSIVE;
				GCC_WARN_UNUSED_FUNCTION = YES;
				GCC_WARN_UNUSED_VARIABLE = YES;
				IPHONEOS_DEPLOYMENT_TARGET = 14.5;
				MTL_ENABLE_DEBUG_INFO = INCLUDE_SOURCE;
				MTL_FAST_MATH = YES;
				ONLY_ACTIVE_ARCH = YES;
				SDKROOT = iphoneos;
				SWIFT_ACTIVE_COMPILATION_CONDITIONS = DEBUG;
				SWIFT_OPTIMIZATION_LEVEL = "-Onone";
			};
			name = Debug;
		};
		571F8E3026879D23001D76F8 /* Release */ = {
			isa = XCBuildConfiguration;
			buildSettings = {
				ALWAYS_SEARCH_USER_PATHS = NO;
				CLANG_ANALYZER_NONNULL = YES;
				CLANG_ANALYZER_NUMBER_OBJECT_CONVERSION = YES_AGGRESSIVE;
				CLANG_CXX_LANGUAGE_STANDARD = "gnu++14";
				CLANG_CXX_LIBRARY = "libc++";
				CLANG_ENABLE_MODULES = YES;
				CLANG_ENABLE_OBJC_ARC = YES;
				CLANG_ENABLE_OBJC_WEAK = YES;
				CLANG_WARN_BLOCK_CAPTURE_AUTORELEASING = YES;
				CLANG_WARN_BOOL_CONVERSION = YES;
				CLANG_WARN_COMMA = YES;
				CLANG_WARN_CONSTANT_CONVERSION = YES;
				CLANG_WARN_DEPRECATED_OBJC_IMPLEMENTATIONS = YES;
				CLANG_WARN_DIRECT_OBJC_ISA_USAGE = YES_ERROR;
				CLANG_WARN_DOCUMENTATION_COMMENTS = YES;
				CLANG_WARN_EMPTY_BODY = YES;
				CLANG_WARN_ENUM_CONVERSION = YES;
				CLANG_WARN_INFINITE_RECURSION = YES;
				CLANG_WARN_INT_CONVERSION = YES;
				CLANG_WARN_NON_LITERAL_NULL_CONVERSION = YES;
				CLANG_WARN_OBJC_IMPLICIT_RETAIN_SELF = YES;
				CLANG_WARN_OBJC_LITERAL_CONVERSION = YES;
				CLANG_WARN_OBJC_ROOT_CLASS = YES_ERROR;
				CLANG_WARN_QUOTED_INCLUDE_IN_FRAMEWORK_HEADER = YES;
				CLANG_WARN_RANGE_LOOP_ANALYSIS = YES;
				CLANG_WARN_STRICT_PROTOTYPES = YES;
				CLANG_WARN_SUSPICIOUS_MOVE = YES;
				CLANG_WARN_UNGUARDED_AVAILABILITY = YES_AGGRESSIVE;
				CLANG_WARN_UNREACHABLE_CODE = YES;
				CLANG_WARN__DUPLICATE_METHOD_MATCH = YES;
				COPY_PHASE_STRIP = NO;
				DEBUG_INFORMATION_FORMAT = "dwarf-with-dsym";
				ENABLE_NS_ASSERTIONS = NO;
				ENABLE_STRICT_OBJC_MSGSEND = YES;
				GCC_C_LANGUAGE_STANDARD = gnu11;
				GCC_NO_COMMON_BLOCKS = YES;
				GCC_WARN_64_TO_32_BIT_CONVERSION = YES;
				GCC_WARN_ABOUT_RETURN_TYPE = YES_ERROR;
				GCC_WARN_UNDECLARED_SELECTOR = YES;
				GCC_WARN_UNINITIALIZED_AUTOS = YES_AGGRESSIVE;
				GCC_WARN_UNUSED_FUNCTION = YES;
				GCC_WARN_UNUSED_VARIABLE = YES;
				IPHONEOS_DEPLOYMENT_TARGET = 14.5;
				MTL_ENABLE_DEBUG_INFO = NO;
				MTL_FAST_MATH = YES;
				SDKROOT = iphoneos;
				SWIFT_COMPILATION_MODE = wholemodule;
				SWIFT_OPTIMIZATION_LEVEL = "-O";
				VALIDATE_PRODUCT = YES;
			};
			name = Release;
		};
		571F8E3226879D23001D76F8 /* Debug */ = {
			isa = XCBuildConfiguration;
			buildSettings = {
				ASSETCATALOG_COMPILER_APPICON_NAME = AppIcon;
				ASSETCATALOG_COMPILER_GLOBAL_ACCENT_COLOR_NAME = AccentColor;
				CODE_SIGN_STYLE = Automatic;
				DEVELOPMENT_TEAM = X72RP23M8R;
				INFOPLIST_FILE = NewsApp/Info.plist;
				LD_RUNPATH_SEARCH_PATHS = (
					"$(inherited)",
					"@executable_path/Frameworks",
				);
				PRODUCT_BUNDLE_IDENTIFIER = com.gehadAhmed.newsApp.NewsApp;
				PRODUCT_NAME = "$(TARGET_NAME)";
				SWIFT_VERSION = 5.0;
				TARGETED_DEVICE_FAMILY = "1,2";
			};
			name = Debug;
		};
		571F8E3326879D23001D76F8 /* Release */ = {
			isa = XCBuildConfiguration;
			buildSettings = {
				ASSETCATALOG_COMPILER_APPICON_NAME = AppIcon;
				ASSETCATALOG_COMPILER_GLOBAL_ACCENT_COLOR_NAME = AccentColor;
				CODE_SIGN_STYLE = Automatic;
				DEVELOPMENT_TEAM = X72RP23M8R;
				INFOPLIST_FILE = NewsApp/Info.plist;
				LD_RUNPATH_SEARCH_PATHS = (
					"$(inherited)",
					"@executable_path/Frameworks",
				);
				PRODUCT_BUNDLE_IDENTIFIER = com.gehadAhmed.newsApp.NewsApp;
				PRODUCT_NAME = "$(TARGET_NAME)";
				SWIFT_VERSION = 5.0;
				TARGETED_DEVICE_FAMILY = "1,2";
			};
			name = Release;
		};
/* End XCBuildConfiguration section */

/* Begin XCConfigurationList section */
		571F8E1826879D22001D76F8 /* Build configuration list for PBXProject "NewsApp" */ = {
			isa = XCConfigurationList;
			buildConfigurations = (
				571F8E2F26879D23001D76F8 /* Debug */,
				571F8E3026879D23001D76F8 /* Release */,
			);
			defaultConfigurationIsVisible = 0;
			defaultConfigurationName = Release;
		};
		571F8E3126879D23001D76F8 /* Build configuration list for PBXNativeTarget "NewsApp" */ = {
			isa = XCConfigurationList;
			buildConfigurations = (
				571F8E3226879D23001D76F8 /* Debug */,
				571F8E3326879D23001D76F8 /* Release */,
			);
			defaultConfigurationIsVisible = 0;
			defaultConfigurationName = Release;
		};
/* End XCConfigurationList section */
	};
	rootObject = 571F8E1526879D22001D76F8 /* Project object */;
}
